
Microsoft Visual Studio Solution File, Format Version 12.00
# Visual Studio 15
VisualStudioVersion = 15.0.26228.4
MinimumVisualStudioVersion = 10.0.40219.1
Project("{2150E333-8FDC-42A3-9474-1A3956D46DE8}") = ".sln", ".sln", "{CC408C3F-1C0B-498C-A043-DF8DD3F7FDE8}"
	ProjectSection(SolutionItems) = preProject
		build.fsx = build.fsx
	EndProjectSection
EndProject
Project("{9A19103F-16F7-4668-BE54-9A1E7A4F7556}") = "Confifu.Autofac", "src\app\Confifu.Autofac\Confifu.Autofac.csproj", "{A0216978-0E31-4C63-9566-D41E9897DFFD}"
EndProject
Project("{FAE04EC0-301F-11D3-BF4B-00C04F79EFBC}") = "Confifu.Autofac.Tests", "src\test\Confifu.Autofac.Tests\Confifu.Autofac.Tests.csproj", "{3A2D7029-E89A-4A1C-9B65-D46EC74C8074}"
EndProject
Global
	GlobalSection(SolutionConfigurationPlatforms) = preSolution
		Debug|Any CPU = Debug|Any CPU
		Release|Any CPU = Release|Any CPU
	EndGlobalSection
	GlobalSection(ProjectConfigurationPlatforms) = postSolution
		{A0216978-0E31-4C63-9566-D41E9897DFFD}.Debug|Any CPU.ActiveCfg = Debug|Any CPU
		{A0216978-0E31-4C63-9566-D41E9897DFFD}.Debug|Any CPU.Build.0 = Debug|Any CPU
		{A0216978-0E31-4C63-9566-D41E9897DFFD}.Release|Any CPU.ActiveCfg = Release|Any CPU
		{A0216978-0E31-4C63-9566-D41E9897DFFD}.Release|Any CPU.Build.0 = Release|Any CPU
		{3A2D7029-E89A-4A1C-9B65-D46EC74C8074}.Debug|Any CPU.ActiveCfg = Debug|Any CPU
		{3A2D7029-E89A-4A1C-9B65-D46EC74C8074}.Debug|Any CPU.Build.0 = Debug|Any CPU
		{3A2D7029-E89A-4A1C-9B65-D46EC74C8074}.Release|Any CPU.ActiveCfg = Release|Any CPU
		{3A2D7029-E89A-4A1C-9B65-D46EC74C8074}.Release|Any CPU.Build.0 = Release|Any CPU
	EndGlobalSection
	GlobalSection(SolutionProperties) = preSolution
		HideSolutionNode = FALSE
	EndGlobalSection
EndGlobal
